
Microsoft Visual Studio Solution File, Format Version 12.00
# Visual Studio Version 16
VisualStudioVersion = 16.0.30204.135
MinimumVisualStudioVersion = 10.0.40219.1
Project("{9A19103F-16F7-4668-BE54-9A1E7A4F7556}") = "TypescriptCoreMvc", "TypescriptCoreMvc\TypescriptCoreMvc.csproj", "{FDF3A503-703C-4A37-A374-9E664F943970}"
EndProject
Project("{9A19103F-16F7-4668-BE54-9A1E7A4F7556}") = "TypescriptCoreWeb", "TypescriptCoreWeb\TypescriptCoreWeb.csproj", "{68C34139-7D2C-4B47-939B-5061033E613D}"
EndProject
Project("{9A19103F-16F7-4668-BE54-9A1E7A4F7556}") = "TypescriptCoreRazorLibrary", "TypescriptCoreRazorLibrary\TypescriptCoreRazorLibrary.csproj", "{AC683B88-DE2C-44DB-9C71-C029E11D3D22}"
EndProject
Project("{FAE04EC0-301F-11D3-BF4B-9A1E7A4F7556}") = "TypescriptWebpackCoreMvc", "TypescriptWebpackCoreMvc\TypescriptWebpackCoreMvc.csproj", "{866C0F60-7F05-4435-B775-C98D8632E442}"
Project("{9A19103F-16F7-4668-BE54-9A1E7A4F7556}") = "JavascriptWebpackCoreMvc", "JavascriptWebpackCoreMvc\JavascriptWebpackCoreMvc.csproj", "{866C0F60-7F05-4435-B775-C18D8632E442}"
EndProject
Global
	GlobalSection(SolutionConfigurationPlatforms) = preSolution
		Debug|Any CPU = Debug|Any CPU
		Release|Any CPU = Release|Any CPU
	EndGlobalSection
	GlobalSection(ProjectConfigurationPlatforms) = postSolution
		{FDF3A503-703C-4A37-A374-9E664F943970}.Debug|Any CPU.ActiveCfg = Debug|Any CPU
		{FDF3A503-703C-4A37-A374-9E664F943970}.Debug|Any CPU.Build.0 = Debug|Any CPU
		{FDF3A503-703C-4A37-A374-9E664F943970}.Release|Any CPU.ActiveCfg = Release|Any CPU
		{FDF3A503-703C-4A37-A374-9E664F943970}.Release|Any CPU.Build.0 = Release|Any CPU
		{68C34139-7D2C-4B47-939B-5061033E613D}.Debug|Any CPU.ActiveCfg = Debug|Any CPU
		{68C34139-7D2C-4B47-939B-5061033E613D}.Debug|Any CPU.Build.0 = Debug|Any CPU
		{68C34139-7D2C-4B47-939B-5061033E613D}.Release|Any CPU.ActiveCfg = Release|Any CPU
		{68C34139-7D2C-4B47-939B-5061033E613D}.Release|Any CPU.Build.0 = Release|Any CPU
		{AC683B88-DE2C-44DB-9C71-C029E11D3D22}.Debug|Any CPU.ActiveCfg = Debug|Any CPU
		{AC683B88-DE2C-44DB-9C71-C029E11D3D22}.Debug|Any CPU.Build.0 = Debug|Any CPU
		{AC683B88-DE2C-44DB-9C71-C029E11D3D22}.Release|Any CPU.ActiveCfg = Release|Any CPU
		{AC683B88-DE2C-44DB-9C71-C029E11D3D22}.Release|Any CPU.Build.0 = Release|Any CPU
		{866C0F60-7F05-4435-B775-C18D8632E442}.Debug|Any CPU.ActiveCfg = Debug|Any CPU
		{866C0F60-7F05-4435-B775-C18D8632E442}.Debug|Any CPU.Build.0 = Debug|Any CPU
		{866C0F60-7F05-4435-B775-C18D8632E442}.Release|Any CPU.ActiveCfg = Release|Any CPU
		{866C0F60-7F05-4435-B775-C18D8632E442}.Release|Any CPU.Build.0 = Release|Any CPU
		{866C0F60-7F05-4435-B775-C98D8632E442}.Debug|Any CPU.ActiveCfg = Debug|Any CPU
		{866C0F60-7F05-4435-B775-C98D8632E442}.Debug|Any CPU.Build.0 = Debug|Any CPU
		{866C0F60-7F05-4435-B775-C98D8632E442}.Release|Any CPU.ActiveCfg = Release|Any CPU
		{866C0F60-7F05-4435-B775-C98D8632E442}.Release|Any CPU.Build.0 = Release|Any CPU
	EndGlobalSection
	GlobalSection(SolutionProperties) = preSolution
		HideSolutionNode = FALSE
	EndGlobalSection
	GlobalSection(ExtensibilityGlobals) = postSolution
		SolutionGuid = {D0D2CBB7-1F11-4848-BE94-BF2BB7FE024A}
	EndGlobalSection
EndGlobal
